<?xml version="1.0" encoding="utf-8"?>
<Project ToolsVersion="4.0" xmlns="http://schemas.microsoft.com/developer/msbuild/2003">
  <ItemGroup>
    <Filter Include="源文件">
      <UniqueIdentifier>{4FC737F1-C7A5-4376-A066-2A32D752A2FF}</UniqueIdentifier>
      <Extensions>cpp;c;cc;cxx;c++;cppm;ixx;def;odl;idl;hpj;bat;asm;asmx</Extensions>
    </Filter>
    <Filter Include="头文件">
      <UniqueIdentifier>{93995380-89BD-4b04-88EB-625FBE52EBFB}</UniqueIdentifier>
      <Extensions>h;hh;hpp;hxx;h++;hm;inl;inc;ipp;xsd</Extensions>
    </Filter>
    <Filter Include="资源文件">
      <UniqueIdentifier>{67DA6AB6-F800-4c08-8B7A-83BB121AAD01}</UniqueIdentifier>
      <Extensions>rc;ico;cur;bmp;dlg;rc2;rct;bin;rgs;gif;jpg;jpeg;jpe;resx;tiff;tif;png;wav;mfcribbon-ms</Extensions>
    </Filter>
  </ItemGroup>
  <ItemGroup>
    <ClInclude Include="framework.h">
      <Filter>头文件</Filter>
    </ClInclude>
    <ClInclude Include="pch.h">
      <Filter>头文件</Filter>
    </ClInclude>
    <ClInclude Include="Core\ConfigSystem.h">
      <Filter>头文件</Filter>
    </ClInclude>
    <ClInclude Include="Core\Define.h">
      <Filter>头文件</Filter>
    </ClInclude>
    <ClInclude Include="Resource\CFramebuffer.h">
      <Filter>头文件</Filter>
    </ClInclude>
    <ClInclude Include="Resource\CResourceManager.h">
      <Filter>头文件</Filter>
    </ClInclude>
    <ClInclude Include="Resource\CTexture.h">
      <Filter>头文件</Filter>
    </ClInclude>
    <ClInclude Include="..\public\CUtils.h">
      <Filter>头文件</Filter>
    </ClInclude>
    <ClInclude Include="..\public\InitializeInterface.h">
      <Filter>头文件</Filter>
    </ClInclude>
    <ClInclude Include="..\public\ISingletonInterface.h">
      <Filter>头文件</Filter>
    </ClInclude>
    <ClInclude Include="Material\CMaterial.h">
      <Filter>头文件</Filter>
    </ClInclude>
    <ClInclude Include="Material\CShader.h">
      <Filter>头文件</Filter>
    </ClInclude>
    <ClInclude Include="Material\CMaterialSystem.h">
      <Filter>头文件</Filter>
    </ClInclude>
    <ClInclude Include="Model\CMesh.h">
      <Filter>头文件</Filter>
    </ClInclude>
    <ClInclude Include="Model\CModel.h">
      <Filter>头文件</Filter>
    </ClInclude>
    <ClInclude Include="Session\CSession.h">
      <Filter>头文件</Filter>
    </ClInclude>
    <ClInclude Include="Session\CSessionManager.h">
      <Filter>头文件</Filter>
    </ClInclude>
    <ClInclude Include="CEngine.h">
      <Filter>头文件</Filter>
    </ClInclude>
    <ClInclude Include="CEngineBuilder.h">
      <Filter>头文件</Filter>
    </ClInclude>
    <ClInclude Include="IEngineInterface.h">
      <Filter>头文件</Filter>
    </ClInclude>
    <ClInclude Include="Render\CRenderSystem.h">
      <Filter>头文件</Filter>
    </ClInclude>
    <ClInclude Include="SceneGraph\Camera.h">
      <Filter>头文件</Filter>
    </ClInclude>
    <ClInclude Include="Model\CModelLoader.h">
      <Filter>头文件</Filter>
    </ClInclude>
    <ClInclude Include="Core\SourceHandle.h">
      <Filter>头文件</Filter>
    </ClInclude>
    <ClInclude Include="Resource\CUniformBuffer.h">
      <Filter>头文件</Filter>
    </ClInclude>
    <ClInclude Include="SceneGraph\SceneComponents.h">
      <Filter>头文件</Filter>
    </ClInclude>
    <ClInclude Include="SceneGraph\SceneGraph.h">
      <Filter>头文件</Filter>
    </ClInclude>
  </ItemGroup>
  <ItemGroup>
    <ClCompile Include="dllmain.cpp">
      <Filter>源文件</Filter>
    </ClCompile>
    <ClCompile Include="pch.cpp">
      <Filter>源文件</Filter>
    </ClCompile>
    <ClCompile Include="Core\ConfigSystem.cpp">
      <Filter>源文件</Filter>
    </ClCompile>
    <ClCompile Include="Resource\CFramebuffer.cpp">
      <Filter>源文件</Filter>
    </ClCompile>
    <ClCompile Include="Resource\CResourceManager.cpp">
      <Filter>源文件</Filter>
    </ClCompile>
    <ClCompile Include="Resource\CTexture.cpp">
      <Filter>源文件</Filter>
    </ClCompile>
    <ClCompile Include="..\..\third_party\glad.c">
      <Filter>源文件</Filter>
    </ClCompile>
    <ClCompile Include="..\public\CUtils.cpp">
      <Filter>源文件</Filter>
    </ClCompile>
    <ClCompile Include="Material\CMaterial.cpp">
      <Filter>源文件</Filter>
    </ClCompile>
    <ClCompile Include="Material\CShader.cpp">
      <Filter>源文件</Filter>
    </ClCompile>
    <ClCompile Include="Material\CMaterialSystem.cpp">
      <Filter>源文件</Filter>
    </ClCompile>
    <ClCompile Include="Model\CMesh.cpp">
      <Filter>源文件</Filter>
    </ClCompile>
    <ClCompile Include="Model\CModel.cpp">
      <Filter>源文件</Filter>
    </ClCompile>
    <ClCompile Include="Session\CSession.cpp">
      <Filter>源文件</Filter>
    </ClCompile>
    <ClCompile Include="Session\CSessionManager.cpp">
      <Filter>源文件</Filter>
    </ClCompile>
    <ClCompile Include="CEngine.cpp">
      <Filter>源文件</Filter>
    </ClCompile>
    <ClCompile Include="CEngineBuilder.cpp">
      <Filter>源文件</Filter>
    </ClCompile>
    <ClCompile Include="Render\CRenderSystem.cpp">
      <Filter>源文件</Filter>
    </ClCompile>
    <ClCompile Include="SceneGraph\Camera.cpp">
      <Filter>源文件</Filter>
    </ClCompile>
    <ClCompile Include="Model\CModelLoader.cpp">
      <Filter>源文件</Filter>
    </ClCompile>
    <ClCompile Include="Resource\CUniformBuffer.cpp">
      <Filter>源文件</Filter>
    </ClCompile>
    <ClCompile Include="SceneGraph\SceneGraph.cpp">
      <Filter>源文件</Filter>
    </ClCompile>
  </ItemGroup>
  <ItemGroup>
    <None Include="..\resources\shader\model.fs" />
    <None Include="..\resources\shader\model.vs" />
    <None Include="Material\glsl\template.fs" />
    <None Include="Material\glsl\template.vs" />
  </ItemGroup>
</Project>